
Microsoft Visual Studio Solution File, Format Version 12.00
# Visual Studio Version 17
VisualStudioVersion = 17.9.34622.214
MinimumVisualStudioVersion = 10.0.40219.1
Project("{FAE04EC0-301F-11D3-BF4B-00C04F79EFBC}") = "eshopperz", "eshopperz.csproj", "{2CBDDF98-928E-4D9D-8604-07FFE27143D8}"
EndProject
Global
	GlobalSection(SolutionConfigurationPlatforms) = preSolution
		Debug|Any CPU = Debug|Any CPU
		Release|Any CPU = Release|Any CPU
	EndGlobalSection
	GlobalSection(ProjectConfigurationPlatforms) = postSolution
		{2CBDDF98-928E-4D9D-8604-07FFE27143D8}.Debug|Any CPU.ActiveCfg = Debug|Any CPU
		{2CBDDF98-928E-4D9D-8604-07FFE27143D8}.Debug|Any CPU.Build.0 = Debug|Any CPU
		{2CBDDF98-928E-4D9D-8604-07FFE27143D8}.Release|Any CPU.ActiveCfg = Release|Any CPU
		{2CBDDF98-928E-4D9D-8604-07FFE27143D8}.Release|Any CPU.Build.0 = Release|Any CPU
	EndGlobalSection
	GlobalSection(SolutionProperties) = preSolution
		HideSolutionNode = FALSE
	EndGlobalSection
	GlobalSection(ExtensibilityGlobals) = postSolution
		SolutionGuid = {314C0327-0D10-4A9E-8575-A6ED2C98A6C5}
	EndGlobalSection
EndGlobal
